// !$*UTF8*$!
{
	archiveVersion = 1;
	classes = {
	};
	objectVersion = 55;
	objects = {

/* Begin PBXBuildFile section */
		2526BC4727B54AB900AB74E3 /* AppDelegate.swift in Sources */ = {isa = PBXBuildFile; fileRef = 2526BC4627B54AB900AB74E3 /* AppDelegate.swift */; };
		2526BC4927B54AB900AB74E3 /* SceneDelegate.swift in Sources */ = {isa = PBXBuildFile; fileRef = 2526BC4827B54AB900AB74E3 /* SceneDelegate.swift */; };
		2526BC5027B54ABB00AB74E3 /* Assets.xcassets in Resources */ = {isa = PBXBuildFile; fileRef = 2526BC4F27B54ABB00AB74E3 /* Assets.xcassets */; };
		2526BC5327B54ABB00AB74E3 /* LaunchScreen.storyboard in Resources */ = {isa = PBXBuildFile; fileRef = 2526BC5127B54ABB00AB74E3 /* LaunchScreen.storyboard */; };
		2526BC5C27B54ACE00AB74E3 /* RxCocoa in Frameworks */ = {isa = PBXBuildFile; productRef = 2526BC5B27B54ACE00AB74E3 /* RxCocoa */; };
		2526BC5E27B54ACE00AB74E3 /* RxRelay in Frameworks */ = {isa = PBXBuildFile; productRef = 2526BC5D27B54ACE00AB74E3 /* RxRelay */; };
		2526BC6027B54ACE00AB74E3 /* RxSwift in Frameworks */ = {isa = PBXBuildFile; productRef = 2526BC5F27B54ACE00AB74E3 /* RxSwift */; };
		2526BC6327B54AD900AB74E3 /* SnapKit in Frameworks */ = {isa = PBXBuildFile; productRef = 2526BC6227B54AD900AB74E3 /* SnapKit */; };
		2526BC6527B54AFC00AB74E3 /* MainViewController.swift in Sources */ = {isa = PBXBuildFile; fileRef = 2526BC6427B54AFC00AB74E3 /* MainViewController.swift */; };
		2526BC6727B54B1500AB74E3 /* MainViewModel.swift in Sources */ = {isa = PBXBuildFile; fileRef = 2526BC6627B54B1500AB74E3 /* MainViewModel.swift */; };
		2526BC6A27B5512500AB74E3 /* SearchTextField.swift in Sources */ = {isa = PBXBuildFile; fileRef = 2526BC6927B5512500AB74E3 /* SearchTextField.swift */; };
		2526BC6C27B5512900AB74E3 /* SearchTextFieldViewModel.swift in Sources */ = {isa = PBXBuildFile; fileRef = 2526BC6B27B5512900AB74E3 /* SearchTextFieldViewModel.swift */; };
		2526BC7127B553D100AB74E3 /* MovieTableView.swift in Sources */ = {isa = PBXBuildFile; fileRef = 2526BC7027B553D100AB74E3 /* MovieTableView.swift */; };
		2526BC7327B553D500AB74E3 /* MovieTableViewModel.swift in Sources */ = {isa = PBXBuildFile; fileRef = 2526BC7227B553D500AB74E3 /* MovieTableViewModel.swift */; };
		2526BC7527B558C500AB74E3 /* MainModel.swift in Sources */ = {isa = PBXBuildFile; fileRef = 2526BC7427B558C500AB74E3 /* MainModel.swift */; };
		2526BC7827B559CE00AB74E3 /* MovieCellData.swift in Sources */ = {isa = PBXBuildFile; fileRef = 2526BC7727B559CE00AB74E3 /* MovieCellData.swift */; };
		2526BC7A27B55AB900AB74E3 /* MovieTableViewCell.swift in Sources */ = {isa = PBXBuildFile; fileRef = 2526BC7927B55AB900AB74E3 /* MovieTableViewCell.swift */; };
		25FDC7D527B6110100739164 /* SearchMovieAPI.swift in Sources */ = {isa = PBXBuildFile; fileRef = 25FDC7D427B6110100739164 /* SearchMovieAPI.swift */; };
		25FDC7D727B6139800739164 /* SearchMovieNetwork.swift in Sources */ = {isa = PBXBuildFile; fileRef = 25FDC7D627B6139800739164 /* SearchMovieNetwork.swift */; };
		25FDC7D927B6141400739164 /* NaverMovieResponse.swift in Sources */ = {isa = PBXBuildFile; fileRef = 25FDC7D827B6141400739164 /* NaverMovieResponse.swift */; };
		25FDC7DC27B6270D00739164 /* Kingfisher in Frameworks */ = {isa = PBXBuildFile; productRef = 25FDC7DB27B6270D00739164 /* Kingfisher */; };
/* End PBXBuildFile section */

/* Begin PBXFileReference section */
		2526BC4327B54AB900AB74E3 /* SearchMovie.app */ = {isa = PBXFileReference; explicitFileType = wrapper.application; includeInIndex = 0; path = SearchMovie.app; sourceTree = BUILT_PRODUCTS_DIR; };
		2526BC4627B54AB900AB74E3 /* AppDelegate.swift */ = {isa = PBXFileReference; lastKnownFileType = sourcecode.swift; path = AppDelegate.swift; sourceTree = "<group>"; };
		2526BC4827B54AB900AB74E3 /* SceneDelegate.swift */ = {isa = PBXFileReference; lastKnownFileType = sourcecode.swift; path = SceneDelegate.swift; sourceTree = "<group>"; };
		2526BC4F27B54ABB00AB74E3 /* Assets.xcassets */ = {isa = PBXFileReference; lastKnownFileType = folder.assetcatalog; path = Assets.xcassets; sourceTree = "<group>"; };
		2526BC5227B54ABB00AB74E3 /* Base */ = {isa = PBXFileReference; lastKnownFileType = file.storyboard; name = Base; path = Base.lproj/LaunchScreen.storyboard; sourceTree = "<group>"; };
		2526BC5427B54ABB00AB74E3 /* Info.plist */ = {isa = PBXFileReference; lastKnownFileType = text.plist.xml; path = Info.plist; sourceTree = "<group>"; };
		2526BC6427B54AFC00AB74E3 /* MainViewController.swift */ = {isa = PBXFileReference; lastKnownFileType = sourcecode.swift; path = MainViewController.swift; sourceTree = "<group>"; };
		2526BC6627B54B1500AB74E3 /* MainViewModel.swift */ = {isa = PBXFileReference; lastKnownFileType = sourcecode.swift; path = MainViewModel.swift; sourceTree = "<group>"; };
		2526BC6927B5512500AB74E3 /* SearchTextField.swift */ = {isa = PBXFileReference; lastKnownFileType = sourcecode.swift; path = SearchTextField.swift; sourceTree = "<group>"; };
		2526BC6B27B5512900AB74E3 /* SearchTextFieldViewModel.swift */ = {isa = PBXFileReference; lastKnownFileType = sourcecode.swift; path = SearchTextFieldViewModel.swift; sourceTree = "<group>"; };
		2526BC7027B553D100AB74E3 /* MovieTableView.swift */ = {isa = PBXFileReference; lastKnownFileType = sourcecode.swift; path = MovieTableView.swift; sourceTree = "<group>"; };
		2526BC7227B553D500AB74E3 /* MovieTableViewModel.swift */ = {isa = PBXFileReference; lastKnownFileType = sourcecode.swift; path = MovieTableViewModel.swift; sourceTree = "<group>"; };
		2526BC7427B558C500AB74E3 /* MainModel.swift */ = {isa = PBXFileReference; lastKnownFileType = sourcecode.swift; path = MainModel.swift; sourceTree = "<group>"; };
		2526BC7727B559CE00AB74E3 /* MovieCellData.swift */ = {isa = PBXFileReference; lastKnownFileType = sourcecode.swift; path = MovieCellData.swift; sourceTree = "<group>"; };
		2526BC7927B55AB900AB74E3 /* MovieTableViewCell.swift */ = {isa = PBXFileReference; lastKnownFileType = sourcecode.swift; path = MovieTableViewCell.swift; sourceTree = "<group>"; };
		25FDC7D427B6110100739164 /* SearchMovieAPI.swift */ = {isa = PBXFileReference; lastKnownFileType = sourcecode.swift; path = SearchMovieAPI.swift; sourceTree = "<group>"; };
		25FDC7D627B6139800739164 /* SearchMovieNetwork.swift */ = {isa = PBXFileReference; lastKnownFileType = sourcecode.swift; path = SearchMovieNetwork.swift; sourceTree = "<group>"; };
		25FDC7D827B6141400739164 /* NaverMovieResponse.swift */ = {isa = PBXFileReference; lastKnownFileType = sourcecode.swift; path = NaverMovieResponse.swift; sourceTree = "<group>"; };
/* End PBXFileReference section */

/* Begin PBXFrameworksBuildPhase section */
		2526BC4027B54AB900AB74E3 /* Frameworks */ = {
			isa = PBXFrameworksBuildPhase;
			buildActionMask = 2147483647;
			files = (
				2526BC6027B54ACE00AB74E3 /* RxSwift in Frameworks */,
				2526BC6327B54AD900AB74E3 /* SnapKit in Frameworks */,
				2526BC5E27B54ACE00AB74E3 /* RxRelay in Frameworks */,
				2526BC5C27B54ACE00AB74E3 /* RxCocoa in Frameworks */,
				25FDC7DC27B6270D00739164 /* Kingfisher in Frameworks */,
			);
			runOnlyForDeploymentPostprocessing = 0;
		};
/* End PBXFrameworksBuildPhase section */

/* Begin PBXGroup section */
		2526BC3A27B54AB900AB74E3 = {
			isa = PBXGroup;
			children = (
				2526BC4527B54AB900AB74E3 /* SearchMovie */,
				2526BC4427B54AB900AB74E3 /* Products */,
			);
			sourceTree = "<group>";
		};
		2526BC4427B54AB900AB74E3 /* Products */ = {
			isa = PBXGroup;
			children = (
				2526BC4327B54AB900AB74E3 /* SearchMovie.app */,
			);
			name = Products;
			sourceTree = "<group>";
		};
		2526BC4527B54AB900AB74E3 /* SearchMovie */ = {
			isa = PBXGroup;
			children = (
				2526BC4627B54AB900AB74E3 /* AppDelegate.swift */,
				2526BC4827B54AB900AB74E3 /* SceneDelegate.swift */,
				25FDC7D327B610F100739164 /* Network */,
				2526BC7627B559C900AB74E3 /* Entity */,
				2526BC6827B54B8F00AB74E3 /* MainViewController */,
				2526BC4F27B54ABB00AB74E3 /* Assets.xcassets */,
				2526BC5127B54ABB00AB74E3 /* LaunchScreen.storyboard */,
				2526BC5427B54ABB00AB74E3 /* Info.plist */,
			);
			path = SearchMovie;
			sourceTree = "<group>";
		};
		2526BC6827B54B8F00AB74E3 /* MainViewController */ = {
			isa = PBXGroup;
			children = (
				2526BC6427B54AFC00AB74E3 /* MainViewController.swift */,
				2526BC6627B54B1500AB74E3 /* MainViewModel.swift */,
				2526BC7427B558C500AB74E3 /* MainModel.swift */,
				2526BC6D27B5536D00AB74E3 /* SubComponent */,
			);
			path = MainViewController;
			sourceTree = "<group>";
		};
		2526BC6D27B5536D00AB74E3 /* SubComponent */ = {
			isa = PBXGroup;
			children = (
				2526BC6F27B553AF00AB74E3 /* MovieTableView */,
				2526BC6E27B5537900AB74E3 /* SearchTextField */,
			);
			path = SubComponent;
			sourceTree = "<group>";
		};
		2526BC6E27B5537900AB74E3 /* SearchTextField */ = {
			isa = PBXGroup;
			children = (
				2526BC6927B5512500AB74E3 /* SearchTextField.swift */,
				2526BC6B27B5512900AB74E3 /* SearchTextFieldViewModel.swift */,
			);
			path = SearchTextField;
			sourceTree = "<group>";
		};
		2526BC6F27B553AF00AB74E3 /* MovieTableView */ = {
			isa = PBXGroup;
			children = (
				2526BC7027B553D100AB74E3 /* MovieTableView.swift */,
				2526BC7927B55AB900AB74E3 /* MovieTableViewCell.swift */,
				2526BC7227B553D500AB74E3 /* MovieTableViewModel.swift */,
			);
			path = MovieTableView;
			sourceTree = "<group>";
		};
		2526BC7627B559C900AB74E3 /* Entity */ = {
			isa = PBXGroup;
			children = (
				2526BC7727B559CE00AB74E3 /* MovieCellData.swift */,
			);
			path = Entity;
			sourceTree = "<group>";
		};
		25FDC7D327B610F100739164 /* Network */ = {
			isa = PBXGroup;
			children = (
				25FDC7D427B6110100739164 /* SearchMovieAPI.swift */,
				25FDC7D627B6139800739164 /* SearchMovieNetwork.swift */,
				25FDC7D827B6141400739164 /* NaverMovieResponse.swift */,
			);
			path = Network;
			sourceTree = "<group>";
		};
/* End PBXGroup section */

/* Begin PBXNativeTarget section */
		2526BC4227B54AB900AB74E3 /* SearchMovie */ = {
			isa = PBXNativeTarget;
			buildConfigurationList = 2526BC5727B54ABB00AB74E3 /* Build configuration list for PBXNativeTarget "SearchMovie" */;
			buildPhases = (
				2526BC3F27B54AB900AB74E3 /* Sources */,
				2526BC4027B54AB900AB74E3 /* Frameworks */,
				2526BC4127B54AB900AB74E3 /* Resources */,
			);
			buildRules = (
			);
			dependencies = (
			);
			name = SearchMovie;
			packageProductDependencies = (
				2526BC5B27B54ACE00AB74E3 /* RxCocoa */,
				2526BC5D27B54ACE00AB74E3 /* RxRelay */,
				2526BC5F27B54ACE00AB74E3 /* RxSwift */,
				2526BC6227B54AD900AB74E3 /* SnapKit */,
				25FDC7DB27B6270D00739164 /* Kingfisher */,
			);
			productName = SearchMovie;
			productReference = 2526BC4327B54AB900AB74E3 /* SearchMovie.app */;
			productType = "com.apple.product-type.application";
		};
/* End PBXNativeTarget section */

/* Begin PBXProject section */
		2526BC3B27B54AB900AB74E3 /* Project object */ = {
			isa = PBXProject;
			attributes = {
				BuildIndependentTargetsInParallel = 1;
				LastSwiftUpdateCheck = 1320;
				LastUpgradeCheck = 1320;
				TargetAttributes = {
					2526BC4227B54AB900AB74E3 = {
						CreatedOnToolsVersion = 13.2.1;
					};
				};
			};
			buildConfigurationList = 2526BC3E27B54AB900AB74E3 /* Build configuration list for PBXProject "SearchMovie" */;
			compatibilityVersion = "Xcode 13.0";
			developmentRegion = en;
			hasScannedForEncodings = 0;
			knownRegions = (
				en,
				Base,
			);
			mainGroup = 2526BC3A27B54AB900AB74E3;
			packageReferences = (
				2526BC5A27B54ACE00AB74E3 /* XCRemoteSwiftPackageReference "RxSwift" */,
				2526BC6127B54AD900AB74E3 /* XCRemoteSwiftPackageReference "SnapKit" */,
				25FDC7DA27B6270D00739164 /* XCRemoteSwiftPackageReference "Kingfisher" */,
			);
			productRefGroup = 2526BC4427B54AB900AB74E3 /* Products */;
			projectDirPath = "";
			projectRoot = "";
			targets = (
				2526BC4227B54AB900AB74E3 /* SearchMovie */,
			);
		};
/* End PBXProject section */

/* Begin PBXResourcesBuildPhase section */
		2526BC4127B54AB900AB74E3 /* Resources */ = {
			isa = PBXResourcesBuildPhase;
			buildActionMask = 2147483647;
			files = (
				2526BC5327B54ABB00AB74E3 /* LaunchScreen.storyboard in Resources */,
				2526BC5027B54ABB00AB74E3 /* Assets.xcassets in Resources */,
			);
			runOnlyForDeploymentPostprocessing = 0;
		};
/* End PBXResourcesBuildPhase section */

/* Begin PBXSourcesBuildPhase section */
		2526BC3F27B54AB900AB74E3 /* Sources */ = {
			isa = PBXSourcesBuildPhase;
			buildActionMask = 2147483647;
			files = (
				2526BC7327B553D500AB74E3 /* MovieTableViewModel.swift in Sources */,
				2526BC6C27B5512900AB74E3 /* SearchTextFieldViewModel.swift in Sources */,
				2526BC6527B54AFC00AB74E3 /* MainViewController.swift in Sources */,
				25FDC7D527B6110100739164 /* SearchMovieAPI.swift in Sources */,
				2526BC4727B54AB900AB74E3 /* AppDelegate.swift in Sources */,
				2526BC7827B559CE00AB74E3 /* MovieCellData.swift in Sources */,
				2526BC6A27B5512500AB74E3 /* SearchTextField.swift in Sources */,
				2526BC7527B558C500AB74E3 /* MainModel.swift in Sources */,
				25FDC7D927B6141400739164 /* NaverMovieResponse.swift in Sources */,
				2526BC4927B54AB900AB74E3 /* SceneDelegate.swift in Sources */,
				2526BC7127B553D100AB74E3 /* MovieTableView.swift in Sources */,
				2526BC7A27B55AB900AB74E3 /* MovieTableViewCell.swift in Sources */,
				25FDC7D727B6139800739164 /* SearchMovieNetwork.swift in Sources */,
				2526BC6727B54B1500AB74E3 /* MainViewModel.swift in Sources */,
			);
			runOnlyForDeploymentPostprocessing = 0;
		};
/* End PBXSourcesBuildPhase section */

/* Begin PBXVariantGroup section */
		2526BC5127B54ABB00AB74E3 /* LaunchScreen.storyboard */ = {
			isa = PBXVariantGroup;
			children = (
				2526BC5227B54ABB00AB74E3 /* Base */,
			);
			name = LaunchScreen.storyboard;
			sourceTree = "<group>";
		};
/* End PBXVariantGroup section */

/* Begin XCBuildConfiguration section */
		2526BC5527B54ABB00AB74E3 /* Debug */ = {
			isa = XCBuildConfiguration;
			buildSettings = {
				ALWAYS_SEARCH_USER_PATHS = NO;
				CLANG_ANALYZER_NONNULL = YES;
				CLANG_ANALYZER_NUMBER_OBJECT_CONVERSION = YES_AGGRESSIVE;
				CLANG_CXX_LANGUAGE_STANDARD = "gnu++17";
				CLANG_CXX_LIBRARY = "libc++";
				CLANG_ENABLE_MODULES = YES;
				CLANG_ENABLE_OBJC_ARC = YES;
				CLANG_ENABLE_OBJC_WEAK = YES;
				CLANG_WARN_BLOCK_CAPTURE_AUTORELEASING = YES;
				CLANG_WARN_BOOL_CONVERSION = YES;
				CLANG_WARN_COMMA = YES;
				CLANG_WARN_CONSTANT_CONVERSION = YES;
				CLANG_WARN_DEPRECATED_OBJC_IMPLEMENTATIONS = YES;
				CLANG_WARN_DIRECT_OBJC_ISA_USAGE = YES_ERROR;
				CLANG_WARN_DOCUMENTATION_COMMENTS = YES;
				CLANG_WARN_EMPTY_BODY = YES;
				CLANG_WARN_ENUM_CONVERSION = YES;
				CLANG_WARN_INFINITE_RECURSION = YES;
				CLANG_WARN_INT_CONVERSION = YES;
				CLANG_WARN_NON_LITERAL_NULL_CONVERSION = YES;
				CLANG_WARN_OBJC_IMPLICIT_RETAIN_SELF = YES;
				CLANG_WARN_OBJC_LITERAL_CONVERSION = YES;
				CLANG_WARN_OBJC_ROOT_CLASS = YES_ERROR;
				CLANG_WARN_QUOTED_INCLUDE_IN_FRAMEWORK_HEADER = YES;
				CLANG_WARN_RANGE_LOOP_ANALYSIS = YES;
				CLANG_WARN_STRICT_PROTOTYPES = YES;
				CLANG_WARN_SUSPICIOUS_MOVE = YES;
				CLANG_WARN_UNGUARDED_AVAILABILITY = YES_AGGRESSIVE;
				CLANG_WARN_UNREACHABLE_CODE = YES;
				CLANG_WARN__DUPLICATE_METHOD_MATCH = YES;
				COPY_PHASE_STRIP = NO;
				DEBUG_INFORMATION_FORMAT = dwarf;
				ENABLE_STRICT_OBJC_MSGSEND = YES;
				ENABLE_TESTABILITY = YES;
				GCC_C_LANGUAGE_STANDARD = gnu11;
				GCC_DYNAMIC_NO_PIC = NO;
				GCC_NO_COMMON_BLOCKS = YES;
				GCC_OPTIMIZATION_LEVEL = 0;
				GCC_PREPROCESSOR_DEFINITIONS = (
					"DEBUG=1",
					"$(inherited)",
				);
				GCC_WARN_64_TO_32_BIT_CONVERSION = YES;
				GCC_WARN_ABOUT_RETURN_TYPE = YES_ERROR;
				GCC_WARN_UNDECLARED_SELECTOR = YES;
				GCC_WARN_UNINITIALIZED_AUTOS = YES_AGGRESSIVE;
				GCC_WARN_UNUSED_FUNCTION = YES;
				GCC_WARN_UNUSED_VARIABLE = YES;
				IPHONEOS_DEPLOYMENT_TARGET = 15.2;
				MTL_ENABLE_DEBUG_INFO = INCLUDE_SOURCE;
				MTL_FAST_MATH = YES;
				ONLY_ACTIVE_ARCH = YES;
				SDKROOT = iphoneos;
				SWIFT_ACTIVE_COMPILATION_CONDITIONS = DEBUG;
				SWIFT_OPTIMIZATION_LEVEL = "-Onone";
			};
			name = Debug;
		};
		2526BC5627B54ABB00AB74E3 /* Release */ = {
			isa = XCBuildConfiguration;
			buildSettings = {
				ALWAYS_SEARCH_USER_PATHS = NO;
				CLANG_ANALYZER_NONNULL = YES;
				CLANG_ANALYZER_NUMBER_OBJECT_CONVERSION = YES_AGGRESSIVE;
				CLANG_CXX_LANGUAGE_STANDARD = "gnu++17";
				CLANG_CXX_LIBRARY = "libc++";
				CLANG_ENABLE_MODULES = YES;
				CLANG_ENABLE_OBJC_ARC = YES;
				CLANG_ENABLE_OBJC_WEAK = YES;
				CLANG_WARN_BLOCK_CAPTURE_AUTORELEASING = YES;
				CLANG_WARN_BOOL_CONVERSION = YES;
				CLANG_WARN_COMMA = YES;
				CLANG_WARN_CONSTANT_CONVERSION = YES;
				CLANG_WARN_DEPRECATED_OBJC_IMPLEMENTATIONS = YES;
				CLANG_WARN_DIRECT_OBJC_ISA_USAGE = YES_ERROR;
				CLANG_WARN_DOCUMENTATION_COMMENTS = YES;
				CLANG_WARN_EMPTY_BODY = YES;
				CLANG_WARN_ENUM_CONVERSION = YES;
				CLANG_WARN_INFINITE_RECURSION = YES;
				CLANG_WARN_INT_CONVERSION = YES;
				CLANG_WARN_NON_LITERAL_NULL_CONVERSION = YES;
				CLANG_WARN_OBJC_IMPLICIT_RETAIN_SELF = YES;
				CLANG_WARN_OBJC_LITERAL_CONVERSION = YES;
				CLANG_WARN_OBJC_ROOT_CLASS = YES_ERROR;
				CLANG_WARN_QUOTED_INCLUDE_IN_FRAMEWORK_HEADER = YES;
				CLANG_WARN_RANGE_LOOP_ANALYSIS = YES;
				CLANG_WARN_STRICT_PROTOTYPES = YES;
				CLANG_WARN_SUSPICIOUS_MOVE = YES;
				CLANG_WARN_UNGUARDED_AVAILABILITY = YES_AGGRESSIVE;
				CLANG_WARN_UNREACHABLE_CODE = YES;
				CLANG_WARN__DUPLICATE_METHOD_MATCH = YES;
				COPY_PHASE_STRIP = NO;
				DEBUG_INFORMATION_FORMAT = "dwarf-with-dsym";
				ENABLE_NS_ASSERTIONS = NO;
				ENABLE_STRICT_OBJC_MSGSEND = YES;
				GCC_C_LANGUAGE_STANDARD = gnu11;
				GCC_NO_COMMON_BLOCKS = YES;
				GCC_WARN_64_TO_32_BIT_CONVERSION = YES;
				GCC_WARN_ABOUT_RETURN_TYPE = YES_ERROR;
				GCC_WARN_UNDECLARED_SELECTOR = YES;
				GCC_WARN_UNINITIALIZED_AUTOS = YES_AGGRESSIVE;
				GCC_WARN_UNUSED_FUNCTION = YES;
				GCC_WARN_UNUSED_VARIABLE = YES;
				IPHONEOS_DEPLOYMENT_TARGET = 15.2;
				MTL_ENABLE_DEBUG_INFO = NO;
				MTL_FAST_MATH = YES;
				SDKROOT = iphoneos;
				SWIFT_COMPILATION_MODE = wholemodule;
				SWIFT_OPTIMIZATION_LEVEL = "-O";
				VALIDATE_PRODUCT = YES;
			};
			name = Release;
		};
		2526BC5827B54ABB00AB74E3 /* Debug */ = {
			isa = XCBuildConfiguration;
			buildSettings = {
				ASSETCATALOG_COMPILER_APPICON_NAME = AppIcon;
				ASSETCATALOG_COMPILER_GLOBAL_ACCENT_COLOR_NAME = AccentColor;
				CODE_SIGN_STYLE = Automatic;
				CURRENT_PROJECT_VERSION = 1;
				DEVELOPMENT_TEAM = 5WAUHBZJ8Z;
				GENERATE_INFOPLIST_FILE = YES;
				INFOPLIST_FILE = SearchMovie/Info.plist;
				INFOPLIST_KEY_UIApplicationSupportsIndirectInputEvents = YES;
				INFOPLIST_KEY_UILaunchStoryboardName = LaunchScreen;
				INFOPLIST_KEY_UISupportedInterfaceOrientations_iPad = "UIInterfaceOrientationPortrait UIInterfaceOrientationPortraitUpsideDown UIInterfaceOrientationLandscapeLeft UIInterfaceOrientationLandscapeRight";
				INFOPLIST_KEY_UISupportedInterfaceOrientations_iPhone = "UIInterfaceOrientationPortrait UIInterfaceOrientationLandscapeLeft UIInterfaceOrientationLandscapeRight";
				LD_RUNPATH_SEARCH_PATHS = (
					"$(inherited)",
					"@executable_path/Frameworks",
				);
				MARKETING_VERSION = 1.0;
				PRODUCT_BUNDLE_IDENTIFIER = uno.SearchMovie;
				PRODUCT_NAME = "$(TARGET_NAME)";
				SWIFT_EMIT_LOC_STRINGS = YES;
				SWIFT_VERSION = 5.0;
				TARGETED_DEVICE_FAMILY = 1;
			};
			name = Debug;
		};
		2526BC5927B54ABB00AB74E3 /* Release */ = {
			isa = XCBuildConfiguration;
			buildSettings = {
				ASSETCATALOG_COMPILER_APPICON_NAME = AppIcon;
				ASSETCATALOG_COMPILER_GLOBAL_ACCENT_COLOR_NAME = AccentColor;
				CODE_SIGN_STYLE = Automatic;
				CURRENT_PROJECT_VERSION = 1;
				DEVELOPMENT_TEAM = 5WAUHBZJ8Z;
				GENERATE_INFOPLIST_FILE = YES;
				INFOPLIST_FILE = SearchMovie/Info.plist;
				INFOPLIST_KEY_UIApplicationSupportsIndirectInputEvents = YES;
				INFOPLIST_KEY_UILaunchStoryboardName = LaunchScreen;
				INFOPLIST_KEY_UISupportedInterfaceOrientations_iPad = "UIInterfaceOrientationPortrait UIInterfaceOrientationPortraitUpsideDown UIInterfaceOrientationLandscapeLeft UIInterfaceOrientationLandscapeRight";
				INFOPLIST_KEY_UISupportedInterfaceOrientations_iPhone = "UIInterfaceOrientationPortrait UIInterfaceOrientationLandscapeLeft UIInterfaceOrientationLandscapeRight";
				LD_RUNPATH_SEARCH_PATHS = (
					"$(inherited)",
					"@executable_path/Frameworks",
				);
				MARKETING_VERSION = 1.0;
				PRODUCT_BUNDLE_IDENTIFIER = uno.SearchMovie;
				PRODUCT_NAME = "$(TARGET_NAME)";
				SWIFT_EMIT_LOC_STRINGS = YES;
				SWIFT_VERSION = 5.0;
				TARGETED_DEVICE_FAMILY = 1;
			};
			name = Release;
		};
/* End XCBuildConfiguration section */

/* Begin XCConfigurationList section */
		2526BC3E27B54AB900AB74E3 /* Build configuration list for PBXProject "SearchMovie" */ = {
			isa = XCConfigurationList;
			buildConfigurations = (
				2526BC5527B54ABB00AB74E3 /* Debug */,
				2526BC5627B54ABB00AB74E3 /* Release */,
			);
			defaultConfigurationIsVisible = 0;
			defaultConfigurationName = Release;
		};
		2526BC5727B54ABB00AB74E3 /* Build configuration list for PBXNativeTarget "SearchMovie" */ = {
			isa = XCConfigurationList;
			buildConfigurations = (
				2526BC5827B54ABB00AB74E3 /* Debug */,
				2526BC5927B54ABB00AB74E3 /* Release */,
			);
			defaultConfigurationIsVisible = 0;
			defaultConfigurationName = Release;
		};
/* End XCConfigurationList section */

/* Begin XCRemoteSwiftPackageReference section */
		2526BC5A27B54ACE00AB74E3 /* XCRemoteSwiftPackageReference "RxSwift" */ = {
			isa = XCRemoteSwiftPackageReference;
			repositoryURL = "https://github.com/ReactiveX/RxSwift.git";
			requirement = {
				branch = main;
				kind = branch;
			};
		};
		2526BC6127B54AD900AB74E3 /* XCRemoteSwiftPackageReference "SnapKit" */ = {
			isa = XCRemoteSwiftPackageReference;
			repositoryURL = "https://github.com/SnapKit/SnapKit";
			requirement = {
				branch = develop;
				kind = branch;
			};
		};
		25FDC7DA27B6270D00739164 /* XCRemoteSwiftPackageReference "Kingfisher" */ = {
			isa = XCRemoteSwiftPackageReference;
			repositoryURL = "https://github.com/onevcat/Kingfisher.git";
			requirement = {
				branch = master;
				kind = branch;
			};
		};
/* End XCRemoteSwiftPackageReference section */

/* Begin XCSwiftPackageProductDependency section */
		2526BC5B27B54ACE00AB74E3 /* RxCocoa */ = {
			isa = XCSwiftPackageProductDependency;
			package = 2526BC5A27B54ACE00AB74E3 /* XCRemoteSwiftPackageReference "RxSwift" */;
			productName = RxCocoa;
		};
		2526BC5D27B54ACE00AB74E3 /* RxRelay */ = {
			isa = XCSwiftPackageProductDependency;
			package = 2526BC5A27B54ACE00AB74E3 /* XCRemoteSwiftPackageReference "RxSwift" */;
			productName = RxRelay;
		};
		2526BC5F27B54ACE00AB74E3 /* RxSwift */ = {
			isa = XCSwiftPackageProductDependency;
			package = 2526BC5A27B54ACE00AB74E3 /* XCRemoteSwiftPackageReference "RxSwift" */;
			productName = RxSwift;
		};
		2526BC6227B54AD900AB74E3 /* SnapKit */ = {
			isa = XCSwiftPackageProductDependency;
			package = 2526BC6127B54AD900AB74E3 /* XCRemoteSwiftPackageReference "SnapKit" */;
			productName = SnapKit;
		};
		25FDC7DB27B6270D00739164 /* Kingfisher */ = {
			isa = XCSwiftPackageProductDependency;
			package = 25FDC7DA27B6270D00739164 /* XCRemoteSwiftPackageReference "Kingfisher" */;
			productName = Kingfisher;
		};
/* End XCSwiftPackageProductDependency section */
	};
	rootObject = 2526BC3B27B54AB900AB74E3 /* Project object */;
}
